
Microsoft Visual Studio Solution File, Format Version 12.00
# Visual Studio Version 17
VisualStudioVersion = 17.14.37216.2 d17.14
MinimumVisualStudioVersion = 10.0.40219.1
Project("{FAE04EC0-301F-11D3-BF4B-00C04F79EFBC}") = "metjelentes", "metjelentes\metjelentes.csproj", "{C7F78402-3D2A-4F00-82C2-30422182CBFA}"
EndProject
Global
	GlobalSection(SolutionConfigurationPlatforms) = preSolution
		Debug|Any CPU = Debug|Any CPU
		Release|Any CPU = Release|Any CPU
	EndGlobalSection
	GlobalSection(ProjectConfigurationPlatforms) = postSolution
		{C7F78402-3D2A-4F00-82C2-30422182CBFA}.Debug|Any CPU.ActiveCfg = Debug|Any CPU
		{C7F78402-3D2A-4F00-82C2-30422182CBFA}.Debug|Any CPU.Build.0 = Debug|Any CPU
		{C7F78402-3D2A-4F00-82C2-30422182CBFA}.Release|Any CPU.ActiveCfg = Release|Any CPU
		{C7F78402-3D2A-4F00-82C2-30422182CBFA}.Release|Any CPU.Build.0 = Release|Any CPU
	EndGlobalSection
	GlobalSection(SolutionProperties) = preSolution
		HideSolutionNode = FALSE
	EndGlobalSection
	GlobalSection(ExtensibilityGlobals) = postSolution
		SolutionGuid = {7CF25A4B-79F2-4D18-8D70-C892DD2C52F4}
	EndGlobalSection
EndGlobal
